
Microsoft Visual Studio Solution File, Format Version 12.00
# Visual Studio Version 16
VisualStudioVersion = 16.0.31025.194
MinimumVisualStudioVersion = 10.0.40219.1
Project("{FAE04EC0-301F-11D3-BF4B-00C04F79EFBC}") = "GameServer", "GameServer\GameServer.csproj", "{EA10CA4F-99C6-44A1-A306-A2473CC2C2FE}"
EndProject
Global
	GlobalSection(SolutionConfigurationPlatforms) = preSolution
		Debug|Any CPU = Debug|Any CPU
		Release|Any CPU = Release|Any CPU
	EndGlobalSection
	GlobalSection(ProjectConfigurationPlatforms) = postSolution
		{EA10CA4F-99C6-44A1-A306-A2473CC2C2FE}.Debug|Any CPU.ActiveCfg = Debug|Any CPU
		{EA10CA4F-99C6-44A1-A306-A2473CC2C2FE}.Debug|Any CPU.Build.0 = Debug|Any CPU
		{EA10CA4F-99C6-44A1-A306-A2473CC2C2FE}.Release|Any CPU.ActiveCfg = Release|Any CPU
		{EA10CA4F-99C6-44A1-A306-A2473CC2C2FE}.Release|Any CPU.Build.0 = Release|Any CPU
	EndGlobalSection
	GlobalSection(SolutionProperties) = preSolution
		HideSolutionNode = FALSE
	EndGlobalSection
	GlobalSection(ExtensibilityGlobals) = postSolution
		SolutionGuid = {27C8C525-3AFB-4BBE-8881-FFF19FEB1080}
	EndGlobalSection
EndGlobal
